# THIS IS AN AUTOGENERATED FILE. DO NOT EDIT THIS FILE DIRECTLY.
# yarn lockfile v1


align-text@^0.1.1, align-text@^0.1.3:
  version "0.1.4"
  resolved "http://registry.npm.taobao.org/align-text/download/align-text-0.1.4.tgz#0cd90a561093f35d0a99256c22b7069433fad117"
  dependencies:
    kind-of "^3.0.2"
    longest "^1.0.1"
    repeat-string "^1.5.2"

async@~0.2.6:
  version "0.2.10"
  resolved "http://registry.npm.taobao.org/async/download/async-0.2.10.tgz#b6bbe0b0674b9d719708ca38de8c237cb526c3d1"

balanced-match@^0.4.1:
  version "0.4.2"
  resolved "http://registry.npm.taobao.org/balanced-match/download/balanced-match-0.4.2.tgz#cb3f3e3c732dc0f01ee70b403f302e61d7709838"

brace-expansion@^1.0.0:
  version "1.1.6"
  resolved "http://registry.npm.taobao.org/brace-expansion/download/brace-expansion-1.1.6.tgz#7197d7eaa9b87e648390ea61fc66c84427420df9"
  dependencies:
    balanced-match "^0.4.1"
    concat-map "0.0.1"

camelcase@^1.0.2:
  version "1.2.1"
  resolved "http://registry.npm.taobao.org/camelcase/download/camelcase-1.2.1.tgz#9bb5304d2e0b56698b2c758b08a3eaa9daa58a39"

center-align@^0.1.1:
  version "0.1.3"
  resolved "http://registry.npm.taobao.org/center-align/download/center-align-0.1.3.tgz#aa0d32629b6ee972200411cbd4461c907bc2b7ad"
  dependencies:
    align-text "^0.1.3"
    lazy-cache "^1.0.3"

cliui@^2.1.0:
  version "2.1.0"
  resolved "http://registry.npm.taobao.org/cliui/download/cliui-2.1.0.tgz#4b475760ff80264c762c3a1719032e91c7fea0d1"
  dependencies:
    center-align "^0.1.1"
    right-align "^0.1.1"
    wordwrap "0.0.2"

compare-versions@2.0.1:
  version "2.0.1"
  resolved "http://registry.npm.taobao.org/compare-versions/download/compare-versions-2.0.1.tgz#1edc1f93687fd97a325c59f55e45a07db106aca6"

concat-map@0.0.1:
  version "0.0.1"
  resolved "http://registry.npm.taobao.org/concat-map/download/concat-map-0.0.1.tgz#d8a96bd77fd68df7793a73036a3ba0d5405d477b"

decamelize@^1.0.0:
  version "1.2.0"
  resolved "http://registry.npm.taobao.org/decamelize/download/decamelize-1.2.0.tgz#f6534d15148269b20352e7bee26f501f9a191290"

estree-walker@^0.2.1:
  version "0.2.1"
  resolved "http://registry.npm.taobao.org/estree-walker/download/estree-walker-0.2.1.tgz#bdafe8095383d8414d5dc2ecf4c9173b6db9412e"

http-ng@^0.3.2:
  version "0.3.2"
  resolved "http://registry.npm.taobao.org/http-ng/download/http-ng-0.3.2.tgz#e10288746a4c179790cda78a18e5c4477ec48c7d"

is-buffer@^1.0.2:
  version "1.1.4"
  resolved "http://registry.npm.taobao.org/is-buffer/download/is-buffer-1.1.4.tgz#cfc86ccd5dc5a52fa80489111c6920c457e2d98b"

kind-of@^3.0.2:
  version "3.1.0"
  resolved "http://registry.npm.taobao.org/kind-of/download/kind-of-3.1.0.tgz#475d698a5e49ff5e53d14e3e732429dc8bf4cf47"
  dependencies:
    is-buffer "^1.0.2"

lazy-cache@^1.0.3:
  version "1.0.4"
  resolved "http://registry.npm.taobao.org/lazy-cache/download/lazy-cache-1.0.4.tgz#a1d78fc3a50474cb80845d3b3b6e1da49a446e8e"

longest@^1.0.1:
  version "1.0.1"
  resolved "http://registry.npm.taobao.org/longest/download/longest-1.0.1.tgz#30a0b2da38f73770e8294a0d22e6625ed77d0097"

minimatch@^3.0.2:
  version "3.0.3"
  resolved "http://registry.npm.taobao.org/minimatch/download/minimatch-3.0.3.tgz#2a4e4090b96b2db06a9d7df01055a62a77c9b774"
  dependencies:
    brace-expansion "^1.0.0"

object-assign@^4.0.1:
  version "4.1.0"
  resolved "http://registry.npm.taobao.org/object-assign/download/object-assign-4.1.0.tgz#7a3b3d0e98063d43f4c03f2e8ae6cd51a86883a0"

repeat-string@^1.5.2:
  version "1.6.1"
  resolved "http://registry.npm.taobao.org/repeat-string/download/repeat-string-1.6.1.tgz#8dcae470e1c88abc2d600fff4a776286da75e637"

right-align@^0.1.1:
  version "0.1.3"
  resolved "http://registry.npm.taobao.org/right-align/download/right-align-0.1.3.tgz#61339b722fe6a3515689210d24e14c96148613ef"
  dependencies:
    align-text "^0.1.1"

rollup-plugin-typescript@^0.8.1:
  version "0.8.1"
  resolved "http://registry.npm.taobao.org/rollup-plugin-typescript/download/rollup-plugin-typescript-0.8.1.tgz#2ff7eecc21cf6bb2b43fc27e5b688952ce71924a"
  dependencies:
    compare-versions "2.0.1"
    object-assign "^4.0.1"
    rollup-pluginutils "^1.3.1"
    tippex "^2.1.1"
    typescript "^1.8.9"

rollup-pluginutils@^1.3.1:
  version "1.5.2"
  resolved "http://registry.npm.taobao.org/rollup-pluginutils/download/rollup-pluginutils-1.5.2.tgz#1e156e778f94b7255bfa1b3d0178be8f5c552408"
  dependencies:
    estree-walker "^0.2.1"
    minimatch "^3.0.2"

rollup@^0.37.2:
  version "0.37.2"
  resolved "http://registry.npm.taobao.org/rollup/download/rollup-0.37.2.tgz#cc159d20a2f3615ccc2248a4385aacbb3d6d6042"
  dependencies:
    source-map-support "^0.4.0"

source-map-support@^0.4.0:
  version "0.4.6"
  resolved "http://registry.npm.taobao.org/source-map-support/download/source-map-support-0.4.6.tgz#32552aa64b458392a85eab3b0b5ee61527167aeb"
  dependencies:
    source-map "^0.5.3"

source-map@^0.5.3, source-map@~0.5.1:
  version "0.5.6"
  resolved "http://registry.npm.taobao.org/source-map/download/source-map-0.5.6.tgz#75ce38f52bf0733c5a7f0c118d81334a2bb5f412"

tippex@^2.1.1:
  version "2.3.0"
  resolved "http://registry.npm.taobao.org/tippex/download/tippex-2.3.0.tgz#4ff663dbd2e12e90126e078789282a3fa8a9c007"

typescript@^1.8.9:
  version "1.8.10"
  resolved "http://registry.npm.taobao.org/typescript/download/typescript-1.8.10.tgz#b475d6e0dff0bf50f296e5ca6ef9fbb5c7320f1e"

typescript@^2.1.4:
  version "2.1.4"
  resolved "http://registry.npm.taobao.org/typescript/download/typescript-2.1.4.tgz#b53b69fb841126acb1dd4b397d21daba87572251"

uglify-js@^2.7.5:
  version "2.7.5"
  resolved "http://registry.npm.taobao.org/uglify-js/download/uglify-js-2.7.5.tgz#4612c0c7baaee2ba7c487de4904ae122079f2ca8"
  dependencies:
    async "~0.2.6"
    source-map "~0.5.1"
    uglify-to-browserify "~1.0.0"
    yargs "~3.10.0"

uglify-to-browserify@~1.0.0:
  version "1.0.2"
  resolved "http://registry.npm.taobao.org/uglify-to-browserify/download/uglify-to-browserify-1.0.2.tgz#6e0924d6bda6b5afe349e39a6d632850a0f882b7"

window-size@0.1.0:
  version "0.1.0"
  resolved "http://registry.npm.taobao.org/window-size/download/window-size-0.1.0.tgz#5438cd2ea93b202efa3a19fe8887aee7c94f9c9d"

wordwrap@0.0.2:
  version "0.0.2"
  resolved "http://registry.npm.taobao.org/wordwrap/download/wordwrap-0.0.2.tgz#b79669bb42ecb409f83d583cad52ca17eaa1643f"

yargs@~3.10.0:
  version "3.10.0"
  resolved "http://registry.npm.taobao.org/yargs/download/yargs-3.10.0.tgz#f7ee7bd857dd7c1d2d38c0e74efbd681d1431fd1"
  dependencies:
    camelcase "^1.0.2"
    cliui "^2.1.0"
    decamelize "^1.0.0"
    window-size "0.1.0"
